
Microsoft Visual Studio Solution File, Format Version 12.00
Project("{FAE04EC0-301F-11D3-BF4B-00C04F79EFBC}") = "AngularChatSignalR", "AngularChatSignalR\AngularChatSignalR.csproj", "{4CFA578D-BFF8-4116-9181-94E046C4620D}"
EndProject
Global
	GlobalSection(SolutionConfigurationPlatforms) = preSolution
		Debug|Any CPU = Debug|Any CPU
		Release|Any CPU = Release|Any CPU
	EndGlobalSection
	GlobalSection(ProjectConfigurationPlatforms) = postSolution
		{4CFA578D-BFF8-4116-9181-94E046C4620D}.Debug|Any CPU.ActiveCfg = Debug|Any CPU
		{4CFA578D-BFF8-4116-9181-94E046C4620D}.Debug|Any CPU.Build.0 = Debug|Any CPU
		{4CFA578D-BFF8-4116-9181-94E046C4620D}.Release|Any CPU.ActiveCfg = Release|Any CPU
		{4CFA578D-BFF8-4116-9181-94E046C4620D}.Release|Any CPU.Build.0 = Release|Any CPU
	EndGlobalSection
EndGlobal
